
Microsoft Visual Studio Solution File, Format Version 12.00
# Visual Studio Version 16
VisualStudioVersion = 16.0.30911.76
MinimumVisualStudioVersion = 10.0.40219.1
Project("{FAE04EC0-301F-11D3-BF4B-00C04F79EFBC}") = "SimpleAppWithEmptyTemplate1", "SimpleAppWithEmptyTemplate1\SimpleAppWithEmptyTemplate1.csproj", "{C961262F-6089-407B-9B9A-84836E198D56}"
EndProject
Global
	GlobalSection(SolutionConfigurationPlatforms) = preSolution
		Debug|Any CPU = Debug|Any CPU
		Release|Any CPU = Release|Any CPU
	EndGlobalSection
	GlobalSection(ProjectConfigurationPlatforms) = postSolution
		{C961262F-6089-407B-9B9A-84836E198D56}.Debug|Any CPU.ActiveCfg = Debug|Any CPU
		{C961262F-6089-407B-9B9A-84836E198D56}.Debug|Any CPU.Build.0 = Debug|Any CPU
		{C961262F-6089-407B-9B9A-84836E198D56}.Release|Any CPU.ActiveCfg = Release|Any CPU
		{C961262F-6089-407B-9B9A-84836E198D56}.Release|Any CPU.Build.0 = Release|Any CPU
	EndGlobalSection
	GlobalSection(SolutionProperties) = preSolution
		HideSolutionNode = FALSE
	EndGlobalSection
	GlobalSection(ExtensibilityGlobals) = postSolution
		SolutionGuid = {69EDA264-16B2-48B2-AE98-87E5C38CA682}
	EndGlobalSection
EndGlobal
